
Microsoft Visual Studio Solution File, Format Version 12.00
# Visual Studio Version 17
VisualStudioVersion = 17.3.32811.315
MinimumVisualStudioVersion = 10.0.40219.1
Project("{9A19103F-16F7-4668-BE54-9A1E7A4F7556}") = "Atesh.Metalama", "Atesh.Metalama\Atesh.Metalama.csproj", "{891247B1-A6F1-4D63-8659-B39200F7B80A}"
EndProject
Project("{2150E333-8FDC-42A3-9474-1A3956D46DE8}") = "Solution Items", "Solution Items", "{87B3CBFD-CD72-46AA-A85F-E44E86E6FA0A}"
	ProjectSection(SolutionItems) = preProject
		README.md = README.md
	EndProjectSection
EndProject
Global
	GlobalSection(SolutionConfigurationPlatforms) = preSolution
		LamaDebug|Any CPU = LamaDebug|Any CPU
		Release|Any CPU = Release|Any CPU
	EndGlobalSection
	GlobalSection(ProjectConfigurationPlatforms) = postSolution
		{891247B1-A6F1-4D63-8659-B39200F7B80A}.LamaDebug|Any CPU.ActiveCfg = LamaDebug|Any CPU
		{891247B1-A6F1-4D63-8659-B39200F7B80A}.LamaDebug|Any CPU.Build.0 = LamaDebug|Any CPU
		{891247B1-A6F1-4D63-8659-B39200F7B80A}.Release|Any CPU.ActiveCfg = Release|Any CPU
		{891247B1-A6F1-4D63-8659-B39200F7B80A}.Release|Any CPU.Build.0 = Release|Any CPU
	EndGlobalSection
	GlobalSection(SolutionProperties) = preSolution
		HideSolutionNode = FALSE
	EndGlobalSection
	GlobalSection(ExtensibilityGlobals) = postSolution
		SolutionGuid = {DA05A0ED-23FF-460B-A9EB-BD406C8AC2DE}
	EndGlobalSection
EndGlobal
